
Microsoft Visual Studio Solution File, Format Version 12.00
# Visual Studio Version 17
VisualStudioVersion = 17.2.32519.379
MinimumVisualStudioVersion = 10.0.40219.1
Project("{888888A0-9F3D-457C-B088-3A5042F75D52}") = "ProjektGra", "ProjektGra.pyproj", "{1BAE984F-0640-4997-9371-9C0628FF5A81}"
EndProject
Global
	GlobalSection(SolutionConfigurationPlatforms) = preSolution
		Debug|Any CPU = Debug|Any CPU
		Release|Any CPU = Release|Any CPU
	EndGlobalSection
	GlobalSection(ProjectConfigurationPlatforms) = postSolution
		{1BAE984F-0640-4997-9371-9C0628FF5A81}.Debug|Any CPU.ActiveCfg = Debug|Any CPU
		{1BAE984F-0640-4997-9371-9C0628FF5A81}.Release|Any CPU.ActiveCfg = Release|Any CPU
	EndGlobalSection
	GlobalSection(SolutionProperties) = preSolution
		HideSolutionNode = FALSE
	EndGlobalSection
	GlobalSection(ExtensibilityGlobals) = postSolution
		SolutionGuid = {94C014FF-CFBA-46D7-84DD-AF889FB64C6B}
	EndGlobalSection
EndGlobal
